
Microsoft Visual Studio Solution File, Format Version 12.00
# Visual Studio Version 17
VisualStudioVersion = 17.7.34031.279
MinimumVisualStudioVersion = 10.0.40219.1
Project("{FAE04EC0-301F-11D3-BF4B-00C04F79EFBC}") = "Ozon", "Ozon\Ozon.csproj", "{A5D191B9-BB8E-4CAF-AFB0-C62673A168CA}"
EndProject
Global
	GlobalSection(SolutionConfigurationPlatforms) = preSolution
		Debug|Any CPU = Debug|Any CPU
		Release|Any CPU = Release|Any CPU
	EndGlobalSection
	GlobalSection(ProjectConfigurationPlatforms) = postSolution
		{A5D191B9-BB8E-4CAF-AFB0-C62673A168CA}.Debug|Any CPU.ActiveCfg = Debug|Any CPU
		{A5D191B9-BB8E-4CAF-AFB0-C62673A168CA}.Debug|Any CPU.Build.0 = Debug|Any CPU
		{A5D191B9-BB8E-4CAF-AFB0-C62673A168CA}.Release|Any CPU.ActiveCfg = Release|Any CPU
		{A5D191B9-BB8E-4CAF-AFB0-C62673A168CA}.Release|Any CPU.Build.0 = Release|Any CPU
	EndGlobalSection
	GlobalSection(SolutionProperties) = preSolution
		HideSolutionNode = FALSE
	EndGlobalSection
	GlobalSection(ExtensibilityGlobals) = postSolution
		SolutionGuid = {06678BD4-29BC-4013-9753-6682EC7764F0}
	EndGlobalSection
EndGlobal
